
Microsoft Visual Studio Solution File, Format Version 12.00
# Visual Studio Version 16
VisualStudioVersion = 16.0.29926.136
MinimumVisualStudioVersion = 10.0.40219.1
Project("{2150E333-8FDC-42A3-9474-1A3956D46DE8}") = "src", "src", "{5879C942-AC67-409A-911B-CDDDC5872909}"
EndProject
Project("{FAE04EC0-301F-11D3-BF4B-00C04F79EFBC}") = "TheCastle.Web", "src\TheCastle.Web\TheCastle.Web.csproj", "{8E1AE2F6-59E2-46EB-9307-B718AEC50D20}"
EndProject
Project("{2150E333-8FDC-42A3-9474-1A3956D46DE8}") = "tests", "tests", "{9752F5C0-B0C9-4883-94B3-FFB7E35E2652}"
EndProject
Project("{FAE04EC0-301F-11D3-BF4B-00C04F79EFBC}") = "TheCastle.Kernel", "src\TheCastle.Kernel\TheCastle.Kernel.csproj", "{B47F867E-536B-4050-B58F-C2B16FC0CEC7}"
EndProject
Project("{FAE04EC0-301F-11D3-BF4B-00C04F79EFBC}") = "TheCastle.Core", "src\TheCastle.Core\TheCastle.Core.csproj", "{C0645D39-68A7-4D4C-848F-F90532FFBAEC}"
EndProject
Project("{FAE04EC0-301F-11D3-BF4B-00C04F79EFBC}") = "TheCastle.Infrastructure", "src\TheCastle.Infrastructure\TheCastle.Infrastructure.csproj", "{F58FED83-C652-4567-B393-450A757EDF53}"
EndProject
Global
	GlobalSection(SolutionConfigurationPlatforms) = preSolution
		Debug|Any CPU = Debug|Any CPU
		Release|Any CPU = Release|Any CPU
	EndGlobalSection
	GlobalSection(ProjectConfigurationPlatforms) = postSolution
		{8E1AE2F6-59E2-46EB-9307-B718AEC50D20}.Debug|Any CPU.ActiveCfg = Debug|Any CPU
		{8E1AE2F6-59E2-46EB-9307-B718AEC50D20}.Debug|Any CPU.Build.0 = Debug|Any CPU
		{8E1AE2F6-59E2-46EB-9307-B718AEC50D20}.Release|Any CPU.ActiveCfg = Release|Any CPU
		{8E1AE2F6-59E2-46EB-9307-B718AEC50D20}.Release|Any CPU.Build.0 = Release|Any CPU
		{B47F867E-536B-4050-B58F-C2B16FC0CEC7}.Debug|Any CPU.ActiveCfg = Debug|Any CPU
		{B47F867E-536B-4050-B58F-C2B16FC0CEC7}.Debug|Any CPU.Build.0 = Debug|Any CPU
		{B47F867E-536B-4050-B58F-C2B16FC0CEC7}.Release|Any CPU.ActiveCfg = Release|Any CPU
		{B47F867E-536B-4050-B58F-C2B16FC0CEC7}.Release|Any CPU.Build.0 = Release|Any CPU
		{C0645D39-68A7-4D4C-848F-F90532FFBAEC}.Debug|Any CPU.ActiveCfg = Debug|Any CPU
		{C0645D39-68A7-4D4C-848F-F90532FFBAEC}.Debug|Any CPU.Build.0 = Debug|Any CPU
		{C0645D39-68A7-4D4C-848F-F90532FFBAEC}.Release|Any CPU.ActiveCfg = Release|Any CPU
		{C0645D39-68A7-4D4C-848F-F90532FFBAEC}.Release|Any CPU.Build.0 = Release|Any CPU
		{F58FED83-C652-4567-B393-450A757EDF53}.Debug|Any CPU.ActiveCfg = Debug|Any CPU
		{F58FED83-C652-4567-B393-450A757EDF53}.Debug|Any CPU.Build.0 = Debug|Any CPU
		{F58FED83-C652-4567-B393-450A757EDF53}.Release|Any CPU.ActiveCfg = Release|Any CPU
		{F58FED83-C652-4567-B393-450A757EDF53}.Release|Any CPU.Build.0 = Release|Any CPU
	EndGlobalSection
	GlobalSection(SolutionProperties) = preSolution
		HideSolutionNode = FALSE
	EndGlobalSection
	GlobalSection(NestedProjects) = preSolution
		{8E1AE2F6-59E2-46EB-9307-B718AEC50D20} = {5879C942-AC67-409A-911B-CDDDC5872909}
		{B47F867E-536B-4050-B58F-C2B16FC0CEC7} = {5879C942-AC67-409A-911B-CDDDC5872909}
		{C0645D39-68A7-4D4C-848F-F90532FFBAEC} = {5879C942-AC67-409A-911B-CDDDC5872909}
		{F58FED83-C652-4567-B393-450A757EDF53} = {5879C942-AC67-409A-911B-CDDDC5872909}
	EndGlobalSection
	GlobalSection(ExtensibilityGlobals) = postSolution
		SolutionGuid = {A4495060-5855-49A4-994E-79468A9EEEC9}
	EndGlobalSection
EndGlobal
